
Microsoft Visual Studio Solution File, Format Version 12.00
# Visual Studio Version 17
VisualStudioVersion = 17.10.35027.167
MinimumVisualStudioVersion = 10.0.40219.1
Project("{9A19103F-16F7-4668-BE54-9A1E7A4F7556}") = "Gaia.API", "Gaia.API\Gaia.API.csproj", "{2FC3608A-3096-4653-884B-0E761FBB5252}"
EndProject
Project("{9A19103F-16F7-4668-BE54-9A1E7A4F7556}") = "Gaia.Infrastructure", "Gaia.Infrastructure\Gaia.Infrastructure.csproj", "{3B9753FF-E35F-4F81-8D8B-4CBCF3D1A8A6}"
EndProject
Project("{9A19103F-16F7-4668-BE54-9A1E7A4F7556}") = "Gaia.Application", "Gaia.Application\Gaia.Application.csproj", "{CE7A75B2-A913-439A-BC7B-3F9871FCA60D}"
EndProject
Project("{9A19103F-16F7-4668-BE54-9A1E7A4F7556}") = "Gaia.Domain", "Gaia.Domain\Gaia.Domain.csproj", "{AC9565F6-CDFF-4F05-83D7-C5935D6AE756}"
EndProject
Project("{E53339B2-1760-4266-BCC7-CA923CBCF16C}") = "docker-compose", "docker-compose.dcproj", "{1D3D65AD-1B05-4BA7-A51E-7C5CA71B684F}"
EndProject
Project("{FAE04EC0-301F-11D3-BF4B-00C04F79EFBC}") = "Gaia.Test", "..\Gaia.Test\Gaia.Test.csproj", "{099896BA-AA78-4ABF-86DA-B95CBC8DEFDA}"
EndProject
Global
	GlobalSection(SolutionConfigurationPlatforms) = preSolution
		Debug|Any CPU = Debug|Any CPU
		Release|Any CPU = Release|Any CPU
	EndGlobalSection
	GlobalSection(ProjectConfigurationPlatforms) = postSolution
		{2FC3608A-3096-4653-884B-0E761FBB5252}.Debug|Any CPU.ActiveCfg = Debug|Any CPU
		{2FC3608A-3096-4653-884B-0E761FBB5252}.Debug|Any CPU.Build.0 = Debug|Any CPU
		{2FC3608A-3096-4653-884B-0E761FBB5252}.Release|Any CPU.ActiveCfg = Release|Any CPU
		{2FC3608A-3096-4653-884B-0E761FBB5252}.Release|Any CPU.Build.0 = Release|Any CPU
		{3B9753FF-E35F-4F81-8D8B-4CBCF3D1A8A6}.Debug|Any CPU.ActiveCfg = Debug|Any CPU
		{3B9753FF-E35F-4F81-8D8B-4CBCF3D1A8A6}.Debug|Any CPU.Build.0 = Debug|Any CPU
		{3B9753FF-E35F-4F81-8D8B-4CBCF3D1A8A6}.Release|Any CPU.ActiveCfg = Release|Any CPU
		{3B9753FF-E35F-4F81-8D8B-4CBCF3D1A8A6}.Release|Any CPU.Build.0 = Release|Any CPU
		{CE7A75B2-A913-439A-BC7B-3F9871FCA60D}.Debug|Any CPU.ActiveCfg = Debug|Any CPU
		{CE7A75B2-A913-439A-BC7B-3F9871FCA60D}.Debug|Any CPU.Build.0 = Debug|Any CPU
		{CE7A75B2-A913-439A-BC7B-3F9871FCA60D}.Release|Any CPU.ActiveCfg = Release|Any CPU
		{CE7A75B2-A913-439A-BC7B-3F9871FCA60D}.Release|Any CPU.Build.0 = Release|Any CPU
		{AC9565F6-CDFF-4F05-83D7-C5935D6AE756}.Debug|Any CPU.ActiveCfg = Debug|Any CPU
		{AC9565F6-CDFF-4F05-83D7-C5935D6AE756}.Debug|Any CPU.Build.0 = Debug|Any CPU
		{AC9565F6-CDFF-4F05-83D7-C5935D6AE756}.Release|Any CPU.ActiveCfg = Release|Any CPU
		{AC9565F6-CDFF-4F05-83D7-C5935D6AE756}.Release|Any CPU.Build.0 = Release|Any CPU
		{1D3D65AD-1B05-4BA7-A51E-7C5CA71B684F}.Debug|Any CPU.ActiveCfg = Debug|Any CPU
		{1D3D65AD-1B05-4BA7-A51E-7C5CA71B684F}.Debug|Any CPU.Build.0 = Debug|Any CPU
		{1D3D65AD-1B05-4BA7-A51E-7C5CA71B684F}.Release|Any CPU.ActiveCfg = Release|Any CPU
		{1D3D65AD-1B05-4BA7-A51E-7C5CA71B684F}.Release|Any CPU.Build.0 = Release|Any CPU
		{099896BA-AA78-4ABF-86DA-B95CBC8DEFDA}.Debug|Any CPU.ActiveCfg = Debug|Any CPU
		{099896BA-AA78-4ABF-86DA-B95CBC8DEFDA}.Debug|Any CPU.Build.0 = Debug|Any CPU
		{099896BA-AA78-4ABF-86DA-B95CBC8DEFDA}.Release|Any CPU.ActiveCfg = Release|Any CPU
		{099896BA-AA78-4ABF-86DA-B95CBC8DEFDA}.Release|Any CPU.Build.0 = Release|Any CPU
	EndGlobalSection
	GlobalSection(SolutionProperties) = preSolution
		HideSolutionNode = FALSE
	EndGlobalSection
	GlobalSection(ExtensibilityGlobals) = postSolution
		SolutionGuid = {A8E24C85-7674-433D-8A2E-CB4DF0F07485}
	EndGlobalSection
EndGlobal
